
Microsoft Visual Studio Solution File, Format Version 12.00
Project("{FAE04EC0-301F-11D3-BF4B-00C04F79EFBC}") = "HelloNetCoreOnK8s", "HelloNetCoreOnK8s\HelloNetCoreOnK8s.csproj", "{6E2CF0DC-8267-4CB5-B1CC-69D9091B217A}"
EndProject
Global
	GlobalSection(SolutionConfigurationPlatforms) = preSolution
		Debug|Any CPU = Debug|Any CPU
		Release|Any CPU = Release|Any CPU
	EndGlobalSection
	GlobalSection(ProjectConfigurationPlatforms) = postSolution
		{6E2CF0DC-8267-4CB5-B1CC-69D9091B217A}.Debug|Any CPU.ActiveCfg = Debug|Any CPU
		{6E2CF0DC-8267-4CB5-B1CC-69D9091B217A}.Debug|Any CPU.Build.0 = Debug|Any CPU
		{6E2CF0DC-8267-4CB5-B1CC-69D9091B217A}.Release|Any CPU.ActiveCfg = Release|Any CPU
		{6E2CF0DC-8267-4CB5-B1CC-69D9091B217A}.Release|Any CPU.Build.0 = Release|Any CPU
	EndGlobalSection
EndGlobal
